
Microsoft Visual Studio Solution File, Format Version 12.00
# Visual Studio Version 16
VisualStudioVersion = 25.0.1703.4
MinimumVisualStudioVersion = 10.0.40219.1
Project("{FAE04EC0-301F-11D3-BF4B-00C04F79EFBC}") = "ConsoleRunLogApp", "ConsoleRunLogApp\ConsoleRunLogApp.csproj", "{DF1A56BE-5B2C-41FD-BD94-7D8FB9E58909}"
EndProject
Global
	GlobalSection(SolutionConfigurationPlatforms) = preSolution
		Debug|Any CPU = Debug|Any CPU
		Release|Any CPU = Release|Any CPU
	EndGlobalSection
	GlobalSection(ProjectConfigurationPlatforms) = postSolution
		{DF1A56BE-5B2C-41FD-BD94-7D8FB9E58909}.Debug|Any CPU.ActiveCfg = Debug|Any CPU
		{DF1A56BE-5B2C-41FD-BD94-7D8FB9E58909}.Debug|Any CPU.Build.0 = Debug|Any CPU
		{DF1A56BE-5B2C-41FD-BD94-7D8FB9E58909}.Release|Any CPU.ActiveCfg = Release|Any CPU
		{DF1A56BE-5B2C-41FD-BD94-7D8FB9E58909}.Release|Any CPU.Build.0 = Release|Any CPU
	EndGlobalSection
	GlobalSection(SolutionProperties) = preSolution
		HideSolutionNode = FALSE
	EndGlobalSection
	GlobalSection(ExtensibilityGlobals) = postSolution
		SolutionGuid = {07EBE4F1-BF43-4041-B722-BD709543F23F}
	EndGlobalSection
EndGlobal
